{
  "name": "elk-docs",
  "version": "0.1.0",
  "lockfileVersion": 3,
  "requires": true,
  "packages": {
    "": {
      "name": "elk-docs",
      "version": "0.1.0",
      "devDependencies": {
        "@nuxt-themes/docus": "^1.6.1",
        "@types/flat": "^5.0.2",
        "flat": "^5.0.2",
        "flatten": "^1.0.3",
        "iso-639-1": "^2.1.15",
        "nuxt": "^3.1.1",
        "vite-plugin-virtual": "^0.1.1"
      }
    },
    "../node_modules/.pnpm/@nuxt-themes+docus@1.6.3_nuxt@3.1.1/node_modules/@nuxt-themes/docus": {
      "version": "1.6.3",
      "dev": true,
      "dependencies": {
        "@nuxt-themes/elements": "^0.5.2",
        "@nuxt-themes/tokens": "^1.6.2",
        "@nuxt-themes/typography": "^0.6.0",
        "@nuxt/content": "^2.4.1",
        "@nuxthq/studio": "^0.6.5",
        "@vueuse/nuxt": "^9.11.1"
      },
      "devDependencies": {
        "@algolia/client-search": "^4.14.3",
        "@docsearch/css": "^3.3.2",
        "@docsearch/js": "^3.3.2",
        "@nuxtjs/algolia": "^1.5.0",
        "@nuxtjs/eslint-config-typescript": "^12.0.0",
        "eslint": "^8.32.0",
        "nuxt": "3.1.1",
        "nuxt-plausible": "^0.1.2",
        "release-it": "^15.6.0",
        "typescript": "^4.9.4",
        "vue": "^3.2.45"
      }
    },
    "../node_modules/.pnpm/flat@5.0.2/node_modules/flat": {
      "version": "5.0.2",
      "dev": true,
      "license": "BSD-3-Clause",
      "bin": {
        "flat": "cli.js"
      },
      "devDependencies": {
        "mocha": "~8.1.1",
        "standard": "^14.3.4"
      }
    },
    "../node_modules/.pnpm/flatten@1.0.3/node_modules/flatten": {
      "version": "1.0.3",
      "dev": true,
      "license": "MIT",
      "devDependencies": {}
    },
    "../node_modules/.pnpm/iso-639-1@2.1.15/node_modules/iso-639-1": {
      "version": "2.1.15",
      "dev": true,
      "license": "MIT",
      "devDependencies": {
        "babel-cli": "^6.26.0",
        "babel-core": "^6.26.0",
        "babel-loader": "^7.1.2",
        "babel-plugin-add-module-exports": "^0.2.1",
        "babel-plugin-transform-runtime": "^6.23.0",
        "babel-preset-es2015": "^6.24.1",
        "babel-preset-stage-0": "^6.24.1",
        "clean-webpack-plugin": "^0.1.17",
        "mocha": "^4.0.1",
        "webpack": "^3.10.0"
      },
      "engines": {
        "node": ">=6.0"
      }
    },
    "../node_modules/.pnpm/nuxt@3.1.1/node_modules/nuxt": {
      "version": "3.1.1",
      "dev": true,
      "license": "MIT",
      "dependencies": {
        "@nuxt/devalue": "^2.0.0",
        "@nuxt/kit": "3.1.1",
        "@nuxt/schema": "3.1.1",
        "@nuxt/telemetry": "^2.1.9",
        "@nuxt/ui-templates": "^1.1.0",
        "@nuxt/vite-builder": "3.1.1",
        "@unhead/ssr": "^1.0.18",
        "@vue/reactivity": "^3.2.45",
        "@vue/shared": "^3.2.45",
        "@vueuse/head": "^1.0.23",
        "chokidar": "^3.5.3",
        "cookie-es": "^0.5.0",
        "defu": "^6.1.2",
        "destr": "^1.2.2",
        "escape-string-regexp": "^5.0.0",
        "estree-walker": "^3.0.3",
        "fs-extra": "^11.1.0",
        "globby": "^13.1.3",
        "h3": "^1.0.2",
        "hash-sum": "^2.0.0",
        "hookable": "^5.4.2",
        "jiti": "^1.16.2",
        "knitwork": "^1.0.0",
        "magic-string": "^0.27.0",
        "mlly": "^1.1.0",
        "nitropack": "^2.0.0",
        "nuxi": "3.1.1",
        "ofetch": "^1.0.0",
        "ohash": "^1.0.0",
        "pathe": "^1.1.0",
        "perfect-debounce": "^0.1.3",
        "scule": "^1.0.0",
        "strip-literal": "^1.0.0",
        "ufo": "^1.0.1",
        "ultrahtml": "^1.2.0",
        "unctx": "^2.1.1",
        "unenv": "^1.0.1",
        "unhead": "^1.0.18",
        "unimport": "^2.0.1",
        "unplugin": "^1.0.1",
        "untyped": "^1.2.2",
        "vue": "^3.2.45",
        "vue-bundle-renderer": "^1.0.0",
        "vue-devtools-stub": "^0.1.0",
        "vue-router": "^4.1.6"
      },
      "bin": {
        "nuxi": "bin/nuxt.mjs",
        "nuxt": "bin/nuxt.mjs"
      },
      "devDependencies": {
        "@types/fs-extra": "^11.0.1",
        "@types/hash-sum": "^1.0.0",
        "unbuild": "latest"
      },
      "engines": {
        "node": "^14.16.0 || ^16.10.0 || ^17.0.0 || ^18.0.0 || ^19.0.0"
      }
    },
    "../node_modules/.pnpm/vite-plugin-virtual@0.1.1/node_modules/vite-plugin-virtual": {
      "version": "0.1.1",
      "dev": true,
      "license": "MIT",
      "devDependencies": {
        "@antfu/eslint-config": "^0.6.2",
        "@types/jest": "^26.0.22",
        "@types/node": "^14.14.37",
        "@typescript-eslint/eslint-plugin": "^4.20.0",
        "eslint": "^7.23.0",
        "jest": "^26.6.3",
        "jest-esbuild": "^0.1.5",
        "rollup": "^2.44.0",
        "ts-node": "^9.1.1",
        "tsup": "^4.8.21",
        "typescript": "^4.2.3",
        "vite": "^2.1.5"
      },
      "peerDependencies": {
        "vite": "^2.0.0"
      }
    },
    "node_modules/@nuxt-themes/docus": {
      "resolved": "../node_modules/.pnpm/@nuxt-themes+docus@1.6.3_nuxt@3.1.1/node_modules/@nuxt-themes/docus",
      "link": true
    },
    "node_modules/@types/flat": {
      "version": "5.0.2",
      "resolved": "https://registry.npmjs.org/@types/flat/-/flat-5.0.2.tgz",
      "integrity": "sha512-3zsplnP2djeps5P9OyarTxwRpMLoe5Ash8aL9iprw0JxB+FAHjY+ifn4yZUuW4/9hqtnmor6uvjSRzJhiVbrEQ==",
      "dev": true
    },
    "node_modules/flat": {
      "resolved": "../node_modules/.pnpm/flat@5.0.2/node_modules/flat",
      "link": true
    },
    "node_modules/flatten": {
      "resolved": "../node_modules/.pnpm/flatten@1.0.3/node_modules/flatten",
      "link": true
    },
    "node_modules/iso-639-1": {
      "resolved": "../node_modules/.pnpm/iso-639-1@2.1.15/node_modules/iso-639-1",
      "link": true
    },
    "node_modules/nuxt": {
      "resolved": "../node_modules/.pnpm/nuxt@3.1.1/node_modules/nuxt",
      "link": true
    },
    "node_modules/vite-plugin-virtual": {
      "resolved": "../node_modules/.pnpm/vite-plugin-virtual@0.1.1/node_modules/vite-plugin-virtual",
      "link": true
    }
  }
}